{
  "lockfile-version": 1,
  "manifest": {
    "schema-version": "1.10.0",
    "hook": {},
    "profile": {},
    "options": {},
    "services": {
      "backend": {
        "command": "air"
      },
      "frontend": {
        "command": "cd frontend && yarn install && yarn dev"
      }
    }
  },
  "packages": []
}
